
Microsoft Visual Studio Solution File, Format Version 12.00
# Visual Studio Version 17
VisualStudioVersion = 17.6.33712.159
MinimumVisualStudioVersion = 10.0.40219.1
Project("{FAE04EC0-301F-11D3-BF4B-00C04F79EFBC}") = "Teendok", "Teendok\Teendok.csproj", "{B3B79AD2-1E31-4256-A089-1F573CF732E0}"
EndProject
Global
	GlobalSection(SolutionConfigurationPlatforms) = preSolution
		Debug|Any CPU = Debug|Any CPU
		Release|Any CPU = Release|Any CPU
	EndGlobalSection
	GlobalSection(ProjectConfigurationPlatforms) = postSolution
		{B3B79AD2-1E31-4256-A089-1F573CF732E0}.Debug|Any CPU.ActiveCfg = Debug|Any CPU
		{B3B79AD2-1E31-4256-A089-1F573CF732E0}.Debug|Any CPU.Build.0 = Debug|Any CPU
		{B3B79AD2-1E31-4256-A089-1F573CF732E0}.Release|Any CPU.ActiveCfg = Release|Any CPU
		{B3B79AD2-1E31-4256-A089-1F573CF732E0}.Release|Any CPU.Build.0 = Release|Any CPU
	EndGlobalSection
	GlobalSection(SolutionProperties) = preSolution
		HideSolutionNode = FALSE
	EndGlobalSection
	GlobalSection(ExtensibilityGlobals) = postSolution
		SolutionGuid = {46E41AC7-F0F9-4E1F-BFD3-49DF4D763380}
	EndGlobalSection
EndGlobal
